
Microsoft Visual Studio Solution File, Format Version 12.00
# Visual Studio 15
VisualStudioVersion = 15.0.28307.489
MinimumVisualStudioVersion = 10.0.40219.1
Project("{8BC9CEB8-8B4A-11D0-8D11-00A0C91BC942}") = "MPITest", "MPITest\MPITest.vcxproj", "{C4DBD02F-9D5F-4213-BEE7-D00CF4A3DF68}"
EndProject
Project("{8BC9CEB8-8B4A-11D0-8D11-00A0C91BC942}") = "sieve1", "Sieve1\Sieve1.vcxproj", "{72E6436F-57CE-49E0-BBD7-5A95CBEE4A11}"
EndProject
Project("{8BC9CEB8-8B4A-11D0-8D11-00A0C91BC942}") = "sieve2", "Sieve2\Sieve2.vcxproj", "{66D3C0F4-426F-486F-92D0-781A7AE5BFBB}"
EndProject
Project("{8BC9CEB8-8B4A-11D0-8D11-00A0C91BC942}") = "sieve3", "sieve3\sieve3.vcxproj", "{596E6C99-E6D1-484A-B0CA-E463A2A6F27F}"
EndProject
Project("{8BC9CEB8-8B4A-11D0-8D11-00A0C91BC942}") = "sieve4", "sieve4\sieve4.vcxproj", "{5A5D5A19-805A-413C-8747-1DF27D39E18F}"
EndProject
Global
	GlobalSection(SolutionConfigurationPlatforms) = preSolution
		Debug|x64 = Debug|x64
		Debug|x86 = Debug|x86
		Release|x64 = Release|x64
		Release|x86 = Release|x86
	EndGlobalSection
	GlobalSection(ProjectConfigurationPlatforms) = postSolution
		{C4DBD02F-9D5F-4213-BEE7-D00CF4A3DF68}.Debug|x64.ActiveCfg = Debug|x64
		{C4DBD02F-9D5F-4213-BEE7-D00CF4A3DF68}.Debug|x64.Build.0 = Debug|x64
		{C4DBD02F-9D5F-4213-BEE7-D00CF4A3DF68}.Debug|x86.ActiveCfg = Debug|Win32
		{C4DBD02F-9D5F-4213-BEE7-D00CF4A3DF68}.Debug|x86.Build.0 = Debug|Win32
		{C4DBD02F-9D5F-4213-BEE7-D00CF4A3DF68}.Release|x64.ActiveCfg = Release|x64
		{C4DBD02F-9D5F-4213-BEE7-D00CF4A3DF68}.Release|x64.Build.0 = Release|x64
		{C4DBD02F-9D5F-4213-BEE7-D00CF4A3DF68}.Release|x86.ActiveCfg = Release|Win32
		{C4DBD02F-9D5F-4213-BEE7-D00CF4A3DF68}.Release|x86.Build.0 = Release|Win32
		{72E6436F-57CE-49E0-BBD7-5A95CBEE4A11}.Debug|x64.ActiveCfg = Debug|x64
		{72E6436F-57CE-49E0-BBD7-5A95CBEE4A11}.Debug|x64.Build.0 = Debug|x64
		{72E6436F-57CE-49E0-BBD7-5A95CBEE4A11}.Debug|x86.ActiveCfg = Debug|Win32
		{72E6436F-57CE-49E0-BBD7-5A95CBEE4A11}.Debug|x86.Build.0 = Debug|Win32
		{72E6436F-57CE-49E0-BBD7-5A95CBEE4A11}.Release|x64.ActiveCfg = Release|x64
		{72E6436F-57CE-49E0-BBD7-5A95CBEE4A11}.Release|x64.Build.0 = Release|x64
		{72E6436F-57CE-49E0-BBD7-5A95CBEE4A11}.Release|x86.ActiveCfg = Release|Win32
		{72E6436F-57CE-49E0-BBD7-5A95CBEE4A11}.Release|x86.Build.0 = Release|Win32
		{66D3C0F4-426F-486F-92D0-781A7AE5BFBB}.Debug|x64.ActiveCfg = Debug|x64
		{66D3C0F4-426F-486F-92D0-781A7AE5BFBB}.Debug|x64.Build.0 = Debug|x64
		{66D3C0F4-426F-486F-92D0-781A7AE5BFBB}.Debug|x86.ActiveCfg = Debug|Win32
		{66D3C0F4-426F-486F-92D0-781A7AE5BFBB}.Debug|x86.Build.0 = Debug|Win32
		{66D3C0F4-426F-486F-92D0-781A7AE5BFBB}.Release|x64.ActiveCfg = Release|x64
		{66D3C0F4-426F-486F-92D0-781A7AE5BFBB}.Release|x64.Build.0 = Release|x64
		{66D3C0F4-426F-486F-92D0-781A7AE5BFBB}.Release|x86.ActiveCfg = Release|Win32
		{66D3C0F4-426F-486F-92D0-781A7AE5BFBB}.Release|x86.Build.0 = Release|Win32
		{596E6C99-E6D1-484A-B0CA-E463A2A6F27F}.Debug|x64.ActiveCfg = Debug|x64
		{596E6C99-E6D1-484A-B0CA-E463A2A6F27F}.Debug|x64.Build.0 = Debug|x64
		{596E6C99-E6D1-484A-B0CA-E463A2A6F27F}.Debug|x86.ActiveCfg = Debug|Win32
		{596E6C99-E6D1-484A-B0CA-E463A2A6F27F}.Debug|x86.Build.0 = Debug|Win32
		{596E6C99-E6D1-484A-B0CA-E463A2A6F27F}.Release|x64.ActiveCfg = Release|x64
		{596E6C99-E6D1-484A-B0CA-E463A2A6F27F}.Release|x64.Build.0 = Release|x64
		{596E6C99-E6D1-484A-B0CA-E463A2A6F27F}.Release|x86.ActiveCfg = Release|Win32
		{596E6C99-E6D1-484A-B0CA-E463A2A6F27F}.Release|x86.Build.0 = Release|Win32
		{5A5D5A19-805A-413C-8747-1DF27D39E18F}.Debug|x64.ActiveCfg = Debug|x64
		{5A5D5A19-805A-413C-8747-1DF27D39E18F}.Debug|x64.Build.0 = Debug|x64
		{5A5D5A19-805A-413C-8747-1DF27D39E18F}.Debug|x86.ActiveCfg = Debug|Win32
		{5A5D5A19-805A-413C-8747-1DF27D39E18F}.Debug|x86.Build.0 = Debug|Win32
		{5A5D5A19-805A-413C-8747-1DF27D39E18F}.Release|x64.ActiveCfg = Release|x64
		{5A5D5A19-805A-413C-8747-1DF27D39E18F}.Release|x64.Build.0 = Release|x64
		{5A5D5A19-805A-413C-8747-1DF27D39E18F}.Release|x86.ActiveCfg = Release|Win32
		{5A5D5A19-805A-413C-8747-1DF27D39E18F}.Release|x86.Build.0 = Release|Win32
	EndGlobalSection
	GlobalSection(SolutionProperties) = preSolution
		HideSolutionNode = FALSE
	EndGlobalSection
	GlobalSection(ExtensibilityGlobals) = postSolution
		SolutionGuid = {07613B65-6175-4BF9-AFB8-5CAFA46B3A6B}
	EndGlobalSection
EndGlobal
